{"version":4,"terraform_version":"1.9.0","serial":5,"lineage":"bc6dcaa2-4ef6-5393-3034-8f2149ecc659","outputs":{"create_flow_api_id":{"value":"rt1jbybst7","type":"string"},"create_flow_root_resource_id":{"value":"oc3utz1fyb","type":"string"},"rest_authorizer_api_id":{"value":"o3xkg3c7n2","type":"string"},"rest_authorizer_deployment_id":{"value":null,"type":"string"},"rest_authorizer_root_resource_id":{"value":"t5suey66li","type":"string"},"rest_authorizer_stage_id":{"value":null,"type":"string"},"webhook_node_api_id":{"value":"s7todzp2n5","type":"string"},"webhook_node_root_resource_id":{"value":"0opf13xhk9","type":"string"}},"resources":[{"mode":"managed","type":"aws_api_gateway_rest_api","name":"create_flow_api","provider":"provider[\"registry.opentofu.org/hashicorp/aws\"]","instances":[{"schema_version":0,"attributes":{"api_key_source":"HEADER","arn":"arn:aws:apigateway:eu-central-1::/restapis/rt1jbybst7","binary_media_types":[],"body":null,"created_date":"2025-01-11T18:53:06Z","description":"","disable_execute_api_endpoint":false,"endpoint_configuration":[{"types":["REGIONAL"],"vpc_endpoint_ids":[]}],"execution_arn":"arn:aws:execute-api:eu-central-1:941128203839:rt1jbybst7","fail_on_warnings":null,"id":"rt1jbybst7","minimum_compression_size":"","name":"createFlow","parameters":null,"policy":"","put_rest_api_mode":"overwrite","root_resource_id":"oc3utz1fyb","tags":{},"tags_all":{}},"sensitive_attributes":[],"private":"eyJzY2hlbWFfdmVyc2lvbiI6IjAifQ=="}]},{"mode":"managed","type":"aws_api_gateway_rest_api","name":"rest_authorizer_api","provider":"provider[\"registry.opentofu.org/hashicorp/aws\"]","instances":[{"schema_version":0,"attributes":{"api_key_source":"HEADER","arn":"arn:aws:apigateway:eu-central-1::/restapis/o3xkg3c7n2","binary_media_types":[],"body":null,"created_date":"2024-09-27T14:32:10Z","description":"","disable_execute_api_endpoint":false,"endpoint_configuration":[{"types":["REGIONAL"],"vpc_endpoint_ids":[]}],"execution_arn":"arn:aws:execute-api:eu-central-1:941128203839:o3xkg3c7n2","fail_on_warnings":null,"id":"o3xkg3c7n2","minimum_compression_size":"","name":"restAuthorizer","parameters":null,"policy":"","put_rest_api_mode":"overwrite","root_resource_id":"t5suey66li","tags":{},"tags_all":{}},"sensitive_attributes":[],"private":"eyJzY2hlbWFfdmVyc2lvbiI6IjAifQ=="}]},{"mode":"managed","type":"aws_api_gateway_rest_api","name":"webhook_node_api","provider":"provider[\"registry.opentofu.org/hashicorp/aws\"]","instances":[{"schema_version":0,"attributes":{"api_key_source":"HEADER","arn":"arn:aws:apigateway:eu-central-1::/restapis/s7todzp2n5","binary_media_types":[],"body":null,"created_date":"2023-12-19T04:43:34Z","description":"","disable_execute_api_endpoint":false,"endpoint_configuration":[{"types":["EDGE"],"vpc_endpoint_ids":[]}],"execution_arn":"arn:aws:execute-api:eu-central-1:941128203839:s7todzp2n5","fail_on_warnings":null,"id":"s7todzp2n5","minimum_compression_size":"","name":"webhookNode","parameters":null,"policy":"","put_rest_api_mode":"overwrite","root_resource_id":"0opf13xhk9","tags":{"user:Application":"halo","user:Stack":"dev"},"tags_all":{"user:Application":"halo","user:Stack":"dev"}},"sensitive_attributes":[],"private":"eyJzY2hlbWFfdmVyc2lvbiI6IjAifQ=="}]}],"check_results":null}
