{"version":4,"terraform_version":"1.9.0","serial":1,"lineage":"bc6dcaa2-4ef6-5393-3034-8f2149ecc659","outputs":{"api_deployment_id":{"value":null,"type":"string"},"api_stage_id":{"value":null,"type":"string"},"create_flow_resource_id":{"value":null,"type":"string"},"rest_api_id":{"value":"o3xkg3c7n2","type":"string"},"rest_api_root_resource_id":{"value":"t5suey66li","type":"string"},"rest_authorizer_id":{"value":null,"type":"string"},"webhook_node_resource_id":{"value":null,"type":"string"}},"resources":[{"mode":"managed","type":"aws_api_gateway_rest_api","name":"lifedata_api","provider":"provider[\"registry.opentofu.org/hashicorp/aws\"]","instances":[{"schema_version":0,"attributes":{"api_key_source":"HEADER","arn":"arn:aws:apigateway:eu-central-1::/restapis/o3xkg3c7n2","binary_media_types":[],"body":null,"created_date":"2024-09-27T14:32:10Z","description":"","disable_execute_api_endpoint":false,"endpoint_configuration":[{"types":["REGIONAL"],"vpc_endpoint_ids":[]}],"execution_arn":"arn:aws:execute-api:eu-central-1:941128203839:o3xkg3c7n2","fail_on_warnings":null,"id":"o3xkg3c7n2","minimum_compression_size":"","name":"restAuthorizer","parameters":null,"policy":"","put_rest_api_mode":"overwrite","root_resource_id":"t5suey66li","tags":{},"tags_all":{}},"sensitive_attributes":[],"private":"eyJzY2hlbWFfdmVyc2lvbiI6IjAifQ=="}]}],"check_results":null}
