{"version":4,"terraform_version":"1.9.0","serial":9,"lineage":"23110c15-b824-c383-3887-716195fe6acb","outputs":{},"resources":[{"mode":"managed","type":"aws_eip","name":"nat","provider":"provider[\"registry.opentofu.org/hashicorp/aws\"]","instances":[{"schema_version":0,"attributes":{"address":null,"allocation_id":"eipalloc-09c018e8d355e55cf","arn":"arn:aws:ec2:us-east-1:941128203839:elastic-ip/eipalloc-09c018e8d355e55cf","associate_with_private_ip":null,"association_id":"","carrier_ip":"","customer_owned_ip":"","customer_owned_ipv4_pool":"","domain":"vpc","id":"eipalloc-09c018e8d355e55cf","instance":"","ipam_pool_id":null,"network_border_group":"us-east-1","network_interface":"","private_dns":null,"private_ip":"","ptr_record":"","public_dns":"ec2-34-232-168-194.compute-1.amazonaws.com","public_ip":"34.232.168.194","public_ipv4_pool":"amazon","tags":{"Name":"EIP","Owner":"Vinod"},"tags_all":{"Name":"EIP","Owner":"Vinod"},"timeouts":null,"vpc":true},"sensitive_attributes":[],"private":"eyJlMmJmYjczMC1lY2FhLTExZTYtOGY4OC0zNDM2M2JjN2M0YzAiOnsiZGVsZXRlIjoxODAwMDAwMDAwMDAsInJlYWQiOjkwMDAwMDAwMDAwMCwidXBkYXRlIjozMDAwMDAwMDAwMDB9fQ=="}]},{"mode":"managed","type":"aws_internet_gateway","name":"igw","provider":"provider[\"registry.opentofu.org/hashicorp/aws\"]","instances":[{"schema_version":0,"attributes":{"arn":"arn:aws:ec2:us-east-1:941128203839:internet-gateway/igw-07cd9522298b1c3fc","id":"igw-07cd9522298b1c3fc","owner_id":"941128203839","tags":{"Name":"IGW","environment":"dev"},"tags_all":{"Name":"IGW","environment":"dev"},"timeouts":null,"vpc_id":"vpc-0e31b90d3a5565075"},"sensitive_attributes":[],"private":"eyJlMmJmYjczMC1lY2FhLTExZTYtOGY4OC0zNDM2M2JjN2M0YzAiOnsiY3JlYXRlIjoxMjAwMDAwMDAwMDAwLCJkZWxldGUiOjEyMDAwMDAwMDAwMDAsInVwZGF0ZSI6MTIwMDAwMDAwMDAwMH19","dependencies":["aws_vpc.lifedata-dev-infra"]}]},{"mode":"managed","type":"aws_nat_gateway","name":"nat","provider":"provider[\"registry.opentofu.org/hashicorp/aws\"]","instances":[{"schema_version":0,"attributes":{"allocation_id":"eipalloc-09c018e8d355e55cf","association_id":"eipassoc-013df24367f01b9e0","connectivity_type":"public","id":"nat-0af8187a91f2a438d","network_interface_id":"eni-099d5d3cc3df4adab","private_ip":"10.0.3.209","public_ip":"34.232.168.194","secondary_allocation_ids":null,"secondary_private_ip_address_count":0,"secondary_private_ip_addresses":[],"subnet_id":"subnet-091ac5cbe789af5f6","tags":{"Name":"NAT Gateway","environment":"dev"},"tags_all":{"Name":"NAT Gateway","environment":"dev"},"timeouts":null},"sensitive_attributes":[],"private":"eyJlMmJmYjczMC1lY2FhLTExZTYtOGY4OC0zNDM2M2JjN2M0YzAiOnsiY3JlYXRlIjo2MDAwMDAwMDAwMDAsImRlbGV0ZSI6MTgwMDAwMDAwMDAwMCwidXBkYXRlIjo2MDAwMDAwMDAwMDB9fQ==","dependencies":["aws_eip.nat","aws_internet_gateway.igw","aws_subnet.public-us-east-1a","aws_vpc.lifedata-dev-infra"]}]},{"mode":"managed","type":"aws_route_table","name":"private","provider":"provider[\"registry.opentofu.org/hashicorp/aws\"]","instances":[{"schema_version":0,"attributes":{"arn":"arn:aws:ec2:us-east-1:941128203839:route-table/rtb-0dc510dcdcd681544","id":"rtb-0dc510dcdcd681544","owner_id":"941128203839","propagating_vgws":[],"route":[{"carrier_gateway_id":"","cidr_block":"0.0.0.0/0","core_network_arn":"","destination_prefix_list_id":"","egress_only_gateway_id":"","gateway_id":"","ipv6_cidr_block":"","local_gateway_id":"","nat_gateway_id":"nat-0af8187a91f2a438d","network_interface_id":"","transit_gateway_id":"","vpc_endpoint_id":"","vpc_peering_connection_id":""}],"tags":{"Environment":"dev","Name":"Private Route Table"},"tags_all":{"Environment":"dev","Name":"Private Route Table"},"timeouts":null,"vpc_id":"vpc-0e31b90d3a5565075"},"sensitive_attributes":[],"private":"eyJlMmJmYjczMC1lY2FhLTExZTYtOGY4OC0zNDM2M2JjN2M0YzAiOnsiY3JlYXRlIjozMDAwMDAwMDAwMDAsImRlbGV0ZSI6MzAwMDAwMDAwMDAwLCJ1cGRhdGUiOjEyMDAwMDAwMDAwMH19","dependencies":["aws_eip.nat","aws_internet_gateway.igw","aws_nat_gateway.nat","aws_subnet.public-us-east-1a","aws_vpc.lifedata-dev-infra"]}]},{"mode":"managed","type":"aws_route_table","name":"privateroute","provider":"provider[\"registry.opentofu.org/hashicorp/aws\"]","instances":[{"schema_version":0,"attributes":{"arn":"arn:aws:ec2:us-east-1:941128203839:route-table/rtb-0155eab255bce59ce","id":"rtb-0155eab255bce59ce","owner_id":"941128203839","propagating_vgws":[],"route":[{"carrier_gateway_id":"","cidr_block":"0.0.0.0/0","core_network_arn":"","destination_prefix_list_id":"","egress_only_gateway_id":"","gateway_id":"","ipv6_cidr_block":"","local_gateway_id":"","nat_gateway_id":"nat-0af8187a91f2a438d","network_interface_id":"","transit_gateway_id":"","vpc_endpoint_id":"","vpc_peering_connection_id":""}],"tags":{"Name":"private"},"tags_all":{"Name":"private"},"timeouts":null,"vpc_id":"vpc-0e31b90d3a5565075"},"sensitive_attributes":[],"private":"eyJlMmJmYjczMC1lY2FhLTExZTYtOGY4OC0zNDM2M2JjN2M0YzAiOnsiY3JlYXRlIjozMDAwMDAwMDAwMDAsImRlbGV0ZSI6MzAwMDAwMDAwMDAwLCJ1cGRhdGUiOjEyMDAwMDAwMDAwMH19","dependencies":["aws_eip.nat","aws_internet_gateway.igw","aws_nat_gateway.nat","aws_subnet.public-us-east-1a","aws_vpc.lifedata-dev-infra"]}]},{"mode":"managed","type":"aws_route_table","name":"publicroute","provider":"provider[\"registry.opentofu.org/hashicorp/aws\"]","instances":[{"schema_version":0,"attributes":{"arn":"arn:aws:ec2:us-east-1:941128203839:route-table/rtb-02ac817d3128676fd","id":"rtb-02ac817d3128676fd","owner_id":"941128203839","propagating_vgws":[],"route":[{"carrier_gateway_id":"","cidr_block":"0.0.0.0/0","core_network_arn":"","destination_prefix_list_id":"","egress_only_gateway_id":"","gateway_id":"igw-07cd9522298b1c3fc","ipv6_cidr_block":"","local_gateway_id":"","nat_gateway_id":"","network_interface_id":"","transit_gateway_id":"","vpc_endpoint_id":"","vpc_peering_connection_id":""}],"tags":{"Name":"public"},"tags_all":{"Name":"public"},"timeouts":null,"vpc_id":"vpc-0e31b90d3a5565075"},"sensitive_attributes":[],"private":"eyJlMmJmYjczMC1lY2FhLTExZTYtOGY4OC0zNDM2M2JjN2M0YzAiOnsiY3JlYXRlIjozMDAwMDAwMDAwMDAsImRlbGV0ZSI6MzAwMDAwMDAwMDAwLCJ1cGRhdGUiOjEyMDAwMDAwMDAwMH19","dependencies":["aws_internet_gateway.igw","aws_vpc.lifedata-dev-infra"]}]},{"mode":"managed","type":"aws_route_table_association","name":"private_us_east_1b","provider":"provider[\"registry.opentofu.org/hashicorp/aws\"]","instances":[{"schema_version":0,"attributes":{"gateway_id":"","id":"rtbassoc-0e45e66dbe9339d22","route_table_id":"rtb-0dc510dcdcd681544","subnet_id":"subnet-09030488de6caa9df","timeouts":null},"sensitive_attributes":[],"private":"eyJlMmJmYjczMC1lY2FhLTExZTYtOGY4OC0zNDM2M2JjN2M0YzAiOnsiY3JlYXRlIjozMDAwMDAwMDAwMDAsImRlbGV0ZSI6MzAwMDAwMDAwMDAwLCJ1cGRhdGUiOjEyMDAwMDAwMDAwMH19","dependencies":["aws_eip.nat","aws_internet_gateway.igw","aws_nat_gateway.nat","aws_route_table.private","aws_subnet.private-us-east-1b","aws_subnet.public-us-east-1a","aws_vpc.lifedata-dev-infra"]}]},{"mode":"managed","type":"aws_route_table_association","name":"privateassociation_a","provider":"provider[\"registry.opentofu.org/hashicorp/aws\"]","instances":[{"schema_version":0,"attributes":{"gateway_id":"","id":"rtbassoc-0a0b39aeb021ed844","route_table_id":"rtb-0155eab255bce59ce","subnet_id":"subnet-0e10fd5188a16bc28","timeouts":null},"sensitive_attributes":[],"private":"eyJlMmJmYjczMC1lY2FhLTExZTYtOGY4OC0zNDM2M2JjN2M0YzAiOnsiY3JlYXRlIjozMDAwMDAwMDAwMDAsImRlbGV0ZSI6MzAwMDAwMDAwMDAwLCJ1cGRhdGUiOjEyMDAwMDAwMDAwMH19","dependencies":["aws_eip.nat","aws_internet_gateway.igw","aws_nat_gateway.nat","aws_route_table.privateroute","aws_subnet.private-us-east-1a","aws_subnet.public-us-east-1a","aws_vpc.lifedata-dev-infra"]}]},{"mode":"managed","type":"aws_route_table_association","name":"publicassociation_a","provider":"provider[\"registry.opentofu.org/hashicorp/aws\"]","instances":[{"schema_version":0,"attributes":{"gateway_id":"","id":"rtbassoc-0a82b87ef6cb2928a","route_table_id":"rtb-02ac817d3128676fd","subnet_id":"subnet-091ac5cbe789af5f6","timeouts":null},"sensitive_attributes":[],"private":"eyJlMmJmYjczMC1lY2FhLTExZTYtOGY4OC0zNDM2M2JjN2M0YzAiOnsiY3JlYXRlIjozMDAwMDAwMDAwMDAsImRlbGV0ZSI6MzAwMDAwMDAwMDAwLCJ1cGRhdGUiOjEyMDAwMDAwMDAwMH19","dependencies":["aws_internet_gateway.igw","aws_route_table.publicroute","aws_subnet.public-us-east-1a","aws_vpc.lifedata-dev-infra"]}]},{"mode":"managed","type":"aws_route_table_association","name":"publicassociation_b","provider":"provider[\"registry.opentofu.org/hashicorp/aws\"]","instances":[{"schema_version":0,"attributes":{"gateway_id":"","id":"rtbassoc-0b8993fe662bf6930","route_table_id":"rtb-02ac817d3128676fd","subnet_id":"subnet-02f80e6936f30615a","timeouts":null},"sensitive_attributes":[],"private":"eyJlMmJmYjczMC1lY2FhLTExZTYtOGY4OC0zNDM2M2JjN2M0YzAiOnsiY3JlYXRlIjozMDAwMDAwMDAwMDAsImRlbGV0ZSI6MzAwMDAwMDAwMDAwLCJ1cGRhdGUiOjEyMDAwMDAwMDAwMH19","dependencies":["aws_internet_gateway.igw","aws_route_table.publicroute","aws_subnet.public-us-east-1b","aws_vpc.lifedata-dev-infra"]}]},{"mode":"managed","type":"aws_subnet","name":"private-us-east-1a","provider":"provider[\"registry.opentofu.org/hashicorp/aws\"]","instances":[{"schema_version":1,"attributes":{"arn":"arn:aws:ec2:us-east-1:941128203839:subnet/subnet-0e10fd5188a16bc28","assign_ipv6_address_on_creation":false,"availability_zone":"us-east-1a","availability_zone_id":"use1-az4","cidr_block":"10.0.1.0/24","customer_owned_ipv4_pool":"","enable_dns64":false,"enable_lni_at_device_index":0,"enable_resource_name_dns_a_record_on_launch":false,"enable_resource_name_dns_aaaa_record_on_launch":false,"id":"subnet-0e10fd5188a16bc28","ipv6_cidr_block":"","ipv6_cidr_block_association_id":"","ipv6_native":false,"map_customer_owned_ip_on_launch":false,"map_public_ip_on_launch":false,"outpost_arn":"","owner_id":"941128203839","private_dns_hostname_type_on_launch":"ip-name","tags":{"Name":"Private Subnet","subnet":"private-us-east-1a"},"tags_all":{"Name":"Private Subnet","subnet":"private-us-east-1a"},"timeouts":null,"vpc_id":"vpc-0e31b90d3a5565075"},"sensitive_attributes":[],"private":"eyJlMmJmYjczMC1lY2FhLTExZTYtOGY4OC0zNDM2M2JjN2M0YzAiOnsiY3JlYXRlIjo2MDAwMDAwMDAwMDAsImRlbGV0ZSI6MTIwMDAwMDAwMDAwMH0sInNjaGVtYV92ZXJzaW9uIjoiMSJ9","dependencies":["aws_vpc.lifedata-dev-infra"]}]},{"mode":"managed","type":"aws_subnet","name":"private-us-east-1b","provider":"provider[\"registry.opentofu.org/hashicorp/aws\"]","instances":[{"schema_version":1,"attributes":{"arn":"arn:aws:ec2:us-east-1:941128203839:subnet/subnet-09030488de6caa9df","assign_ipv6_address_on_creation":false,"availability_zone":"us-east-1b","availability_zone_id":"use1-az6","cidr_block":"10.0.2.0/24","customer_owned_ipv4_pool":"","enable_dns64":false,"enable_lni_at_device_index":0,"enable_resource_name_dns_a_record_on_launch":false,"enable_resource_name_dns_aaaa_record_on_launch":false,"id":"subnet-09030488de6caa9df","ipv6_cidr_block":"","ipv6_cidr_block_association_id":"","ipv6_native":false,"map_customer_owned_ip_on_launch":false,"map_public_ip_on_launch":false,"outpost_arn":"","owner_id":"941128203839","private_dns_hostname_type_on_launch":"ip-name","tags":{"Name":"Private Subnet","subnet":"private-us-east-1b"},"tags_all":{"Name":"Private Subnet","subnet":"private-us-east-1b"},"timeouts":null,"vpc_id":"vpc-0e31b90d3a5565075"},"sensitive_attributes":[],"private":"eyJlMmJmYjczMC1lY2FhLTExZTYtOGY4OC0zNDM2M2JjN2M0YzAiOnsiY3JlYXRlIjo2MDAwMDAwMDAwMDAsImRlbGV0ZSI6MTIwMDAwMDAwMDAwMH0sInNjaGVtYV92ZXJzaW9uIjoiMSJ9","dependencies":["aws_vpc.lifedata-dev-infra"]}]},{"mode":"managed","type":"aws_subnet","name":"public-us-east-1a","provider":"provider[\"registry.opentofu.org/hashicorp/aws\"]","instances":[{"schema_version":1,"attributes":{"arn":"arn:aws:ec2:us-east-1:941128203839:subnet/subnet-091ac5cbe789af5f6","assign_ipv6_address_on_creation":false,"availability_zone":"us-east-1a","availability_zone_id":"use1-az4","cidr_block":"10.0.3.0/24","customer_owned_ipv4_pool":"","enable_dns64":false,"enable_lni_at_device_index":0,"enable_resource_name_dns_a_record_on_launch":false,"enable_resource_name_dns_aaaa_record_on_launch":false,"id":"subnet-091ac5cbe789af5f6","ipv6_cidr_block":"","ipv6_cidr_block_association_id":"","ipv6_native":false,"map_customer_owned_ip_on_launch":false,"map_public_ip_on_launch":true,"outpost_arn":"","owner_id":"941128203839","private_dns_hostname_type_on_launch":"ip-name","tags":{"Name":"Public Subnet","subnet":"public-us-east-1a"},"tags_all":{"Name":"Public Subnet","subnet":"public-us-east-1a"},"timeouts":null,"vpc_id":"vpc-0e31b90d3a5565075"},"sensitive_attributes":[],"private":"eyJlMmJmYjczMC1lY2FhLTExZTYtOGY4OC0zNDM2M2JjN2M0YzAiOnsiY3JlYXRlIjo2MDAwMDAwMDAwMDAsImRlbGV0ZSI6MTIwMDAwMDAwMDAwMH0sInNjaGVtYV92ZXJzaW9uIjoiMSJ9","dependencies":["aws_vpc.lifedata-dev-infra"]}]},{"mode":"managed","type":"aws_subnet","name":"public-us-east-1b","provider":"provider[\"registry.opentofu.org/hashicorp/aws\"]","instances":[{"schema_version":1,"attributes":{"arn":"arn:aws:ec2:us-east-1:941128203839:subnet/subnet-02f80e6936f30615a","assign_ipv6_address_on_creation":false,"availability_zone":"us-east-1b","availability_zone_id":"use1-az6","cidr_block":"10.0.4.0/24","customer_owned_ipv4_pool":"","enable_dns64":false,"enable_lni_at_device_index":0,"enable_resource_name_dns_a_record_on_launch":false,"enable_resource_name_dns_aaaa_record_on_launch":false,"id":"subnet-02f80e6936f30615a","ipv6_cidr_block":"","ipv6_cidr_block_association_id":"","ipv6_native":false,"map_customer_owned_ip_on_launch":false,"map_public_ip_on_launch":true,"outpost_arn":"","owner_id":"941128203839","private_dns_hostname_type_on_launch":"ip-name","tags":{"Name":"Public Subnet","subnet":"public-us-east-1b"},"tags_all":{"Name":"Public Subnet","subnet":"public-us-east-1b"},"timeouts":null,"vpc_id":"vpc-0e31b90d3a5565075"},"sensitive_attributes":[],"private":"eyJlMmJmYjczMC1lY2FhLTExZTYtOGY4OC0zNDM2M2JjN2M0YzAiOnsiY3JlYXRlIjo2MDAwMDAwMDAwMDAsImRlbGV0ZSI6MTIwMDAwMDAwMDAwMH0sInNjaGVtYV92ZXJzaW9uIjoiMSJ9","dependencies":["aws_vpc.lifedata-dev-infra"]}]},{"mode":"managed","type":"aws_vpc","name":"lifedata-dev-infra","provider":"provider[\"registry.opentofu.org/hashicorp/aws\"]","instances":[{"schema_version":1,"attributes":{"arn":"arn:aws:ec2:us-east-1:941128203839:vpc/vpc-0e31b90d3a5565075","assign_generated_ipv6_cidr_block":false,"cidr_block":"10.0.0.0/16","default_network_acl_id":"acl-0eca43c83de7e8463","default_route_table_id":"rtb-0b6fcde167c6ca04e","default_security_group_id":"sg-0e0c1b0b4db4efc72","dhcp_options_id":"dopt-0a9c2e0dca65b67b6","enable_dns_hostnames":true,"enable_dns_support":true,"enable_network_address_usage_metrics":false,"id":"vpc-0e31b90d3a5565075","instance_tenancy":"default","ipv4_ipam_pool_id":null,"ipv4_netmask_length":null,"ipv6_association_id":"","ipv6_cidr_block":"","ipv6_cidr_block_network_border_group":"","ipv6_ipam_pool_id":"","ipv6_netmask_length":0,"main_route_table_id":"rtb-0b6fcde167c6ca04e","owner_id":"941128203839","tags":{"Name":"lifedata-dev-infra-vpc","environment":"dev"},"tags_all":{"Name":"lifedata-dev-infra-vpc","environment":"dev"}},"sensitive_attributes":[],"private":"eyJzY2hlbWFfdmVyc2lvbiI6IjEifQ=="}]}],"check_results":null}
