{"version":4,"terraform_version":"1.9.0","serial":2,"lineage":"aae4b629-b48e-e990-d94b-119108346614","outputs":{},"resources":[{"module":"module.internet_gateway","mode":"managed","type":"aws_internet_gateway","name":"igw","provider":"provider[\"registry.opentofu.org/hashicorp/aws\"]","instances":[{"schema_version":0,"attributes":{"arn":"arn:aws:ec2:us-east-1:941128203839:internet-gateway/igw-0ab3df15726d3de74","id":"igw-0ab3df15726d3de74","owner_id":"941128203839","tags":{"Name":"IGW","environment":"dev"},"tags_all":{"Name":"IGW","environment":"dev"},"timeouts":null,"vpc_id":"vpc-0ffcc19fc700b792b"},"sensitive_attributes":[],"private":"eyJlMmJmYjczMC1lY2FhLTExZTYtOGY4OC0zNDM2M2JjN2M0YzAiOnsiY3JlYXRlIjoxMjAwMDAwMDAwMDAwLCJkZWxldGUiOjEyMDAwMDAwMDAwMDAsInVwZGF0ZSI6MTIwMDAwMDAwMDAwMH19","dependencies":["module.vpc.aws_vpc.lifedata-dev-infra"]}]},{"module":"module.nat","mode":"managed","type":"aws_eip","name":"nat","provider":"provider[\"registry.opentofu.org/hashicorp/aws\"]","instances":[{"schema_version":0,"attributes":{"address":null,"allocation_id":"eipalloc-03505549b3c2aa0b6","arn":"arn:aws:ec2:us-east-1:941128203839:elastic-ip/eipalloc-03505549b3c2aa0b6","associate_with_private_ip":null,"association_id":"","carrier_ip":"","customer_owned_ip":"","customer_owned_ipv4_pool":"","domain":"vpc","id":"eipalloc-03505549b3c2aa0b6","instance":"","ipam_pool_id":null,"network_border_group":"us-east-1","network_interface":"","private_dns":null,"private_ip":"","ptr_record":"","public_dns":"ec2-35-169-198-255.compute-1.amazonaws.com","public_ip":"35.169.198.255","public_ipv4_pool":"amazon","tags":{"Name":"EIP","Owner":"Vinod"},"tags_all":{"Name":"EIP","Owner":"Vinod"},"timeouts":null,"vpc":true},"sensitive_attributes":[],"private":"eyJlMmJmYjczMC1lY2FhLTExZTYtOGY4OC0zNDM2M2JjN2M0YzAiOnsiZGVsZXRlIjoxODAwMDAwMDAwMDAsInJlYWQiOjkwMDAwMDAwMDAwMCwidXBkYXRlIjozMDAwMDAwMDAwMDB9fQ==","dependencies":["module.internet_gateway.aws_internet_gateway.igw","module.vpc.aws_vpc.lifedata-dev-infra"]}]},{"module":"module.nat","mode":"managed","type":"aws_nat_gateway","name":"nat","provider":"provider[\"registry.opentofu.org/hashicorp/aws\"]","instances":[{"schema_version":0,"attributes":{"allocation_id":"eipalloc-03505549b3c2aa0b6","association_id":"eipassoc-0b963210bb0751469","connectivity_type":"public","id":"nat-0cc43fae6e08631b2","network_interface_id":"eni-0f49233f59e95b0a1","private_ip":"10.0.3.171","public_ip":"35.169.198.255","secondary_allocation_ids":null,"secondary_private_ip_address_count":0,"secondary_private_ip_addresses":[],"subnet_id":"subnet-06df979c414592132","tags":{"Name":"NAT Gateway","environment":"dev"},"tags_all":{"Name":"NAT Gateway","environment":"dev"},"timeouts":null},"sensitive_attributes":[],"private":"eyJlMmJmYjczMC1lY2FhLTExZTYtOGY4OC0zNDM2M2JjN2M0YzAiOnsiY3JlYXRlIjo2MDAwMDAwMDAwMDAsImRlbGV0ZSI6MTgwMDAwMDAwMDAwMCwidXBkYXRlIjo2MDAwMDAwMDAwMDB9fQ==","dependencies":["module.internet_gateway.aws_internet_gateway.igw","module.nat.aws_eip.nat","module.subnet.aws_subnet.public-us-east-1a","module.subnet.aws_subnet.public-us-east-1b","module.vpc.aws_vpc.lifedata-dev-infra"]}]},{"module":"module.routes","mode":"managed","type":"aws_route_table","name":"private","provider":"provider[\"registry.opentofu.org/hashicorp/aws\"]","instances":[{"schema_version":0,"attributes":{"arn":"arn:aws:ec2:us-east-1:941128203839:route-table/rtb-03cac098a190f26d4","id":"rtb-03cac098a190f26d4","owner_id":"941128203839","propagating_vgws":[],"route":[{"carrier_gateway_id":"","cidr_block":"0.0.0.0/0","core_network_arn":"","destination_prefix_list_id":"","egress_only_gateway_id":"","gateway_id":"","ipv6_cidr_block":"","local_gateway_id":"","nat_gateway_id":"nat-0cc43fae6e08631b2","network_interface_id":"","transit_gateway_id":"","vpc_endpoint_id":"","vpc_peering_connection_id":""}],"tags":{"Environment":"dev","Name":"Private Route Table"},"tags_all":{"Environment":"dev","Name":"Private Route Table"},"timeouts":null,"vpc_id":"vpc-0ffcc19fc700b792b"},"sensitive_attributes":[],"private":"eyJlMmJmYjczMC1lY2FhLTExZTYtOGY4OC0zNDM2M2JjN2M0YzAiOnsiY3JlYXRlIjozMDAwMDAwMDAwMDAsImRlbGV0ZSI6MzAwMDAwMDAwMDAwLCJ1cGRhdGUiOjEyMDAwMDAwMDAwMH19","dependencies":["module.internet_gateway.aws_internet_gateway.igw","module.nat.aws_eip.nat","module.nat.aws_nat_gateway.nat","module.subnet.aws_subnet.public-us-east-1a","module.subnet.aws_subnet.public-us-east-1b","module.vpc.aws_vpc.lifedata-dev-infra"]}]},{"module":"module.routes","mode":"managed","type":"aws_route_table","name":"public","provider":"provider[\"registry.opentofu.org/hashicorp/aws\"]","instances":[{"schema_version":0,"attributes":{"arn":"arn:aws:ec2:us-east-1:941128203839:route-table/rtb-01e1b7e5c6e2a547a","id":"rtb-01e1b7e5c6e2a547a","owner_id":"941128203839","propagating_vgws":[],"route":[{"carrier_gateway_id":"","cidr_block":"0.0.0.0/0","core_network_arn":"","destination_prefix_list_id":"","egress_only_gateway_id":"","gateway_id":"igw-0ab3df15726d3de74","ipv6_cidr_block":"","local_gateway_id":"","nat_gateway_id":"","network_interface_id":"","transit_gateway_id":"","vpc_endpoint_id":"","vpc_peering_connection_id":""}],"tags":{"Environment":"dev","Name":"Public Route Table"},"tags_all":{"Environment":"dev","Name":"Public Route Table"},"timeouts":null,"vpc_id":"vpc-0ffcc19fc700b792b"},"sensitive_attributes":[],"private":"eyJlMmJmYjczMC1lY2FhLTExZTYtOGY4OC0zNDM2M2JjN2M0YzAiOnsiY3JlYXRlIjozMDAwMDAwMDAwMDAsImRlbGV0ZSI6MzAwMDAwMDAwMDAwLCJ1cGRhdGUiOjEyMDAwMDAwMDAwMH19","dependencies":["module.internet_gateway.aws_internet_gateway.igw","module.vpc.aws_vpc.lifedata-dev-infra"]}]},{"module":"module.routes","mode":"managed","type":"aws_route_table_association","name":"private","provider":"provider[\"registry.opentofu.org/hashicorp/aws\"]","instances":[{"index_key":0,"schema_version":0,"attributes":{"gateway_id":"","id":"rtbassoc-0e53da15ac6b203d2","route_table_id":"rtb-03cac098a190f26d4","subnet_id":"subnet-02e6db73eb0249020","timeouts":null},"sensitive_attributes":[],"private":"eyJlMmJmYjczMC1lY2FhLTExZTYtOGY4OC0zNDM2M2JjN2M0YzAiOnsiY3JlYXRlIjozMDAwMDAwMDAwMDAsImRlbGV0ZSI6MzAwMDAwMDAwMDAwLCJ1cGRhdGUiOjEyMDAwMDAwMDAwMH19","dependencies":["module.internet_gateway.aws_internet_gateway.igw","module.nat.aws_eip.nat","module.nat.aws_nat_gateway.nat","module.routes.aws_route_table.private","module.subnet.aws_subnet.private-us-east-1a","module.subnet.aws_subnet.private-us-east-1b","module.subnet.aws_subnet.public-us-east-1a","module.subnet.aws_subnet.public-us-east-1b","module.vpc.aws_vpc.lifedata-dev-infra"]},{"index_key":1,"schema_version":0,"attributes":{"gateway_id":"","id":"rtbassoc-0aaf964748bae277f","route_table_id":"rtb-03cac098a190f26d4","subnet_id":"subnet-006849f1f5a676682","timeouts":null},"sensitive_attributes":[],"private":"eyJlMmJmYjczMC1lY2FhLTExZTYtOGY4OC0zNDM2M2JjN2M0YzAiOnsiY3JlYXRlIjozMDAwMDAwMDAwMDAsImRlbGV0ZSI6MzAwMDAwMDAwMDAwLCJ1cGRhdGUiOjEyMDAwMDAwMDAwMH19","dependencies":["module.internet_gateway.aws_internet_gateway.igw","module.nat.aws_eip.nat","module.nat.aws_nat_gateway.nat","module.routes.aws_route_table.private","module.subnet.aws_subnet.private-us-east-1a","module.subnet.aws_subnet.private-us-east-1b","module.subnet.aws_subnet.public-us-east-1a","module.subnet.aws_subnet.public-us-east-1b","module.vpc.aws_vpc.lifedata-dev-infra"]}]},{"module":"module.routes","mode":"managed","type":"aws_route_table_association","name":"public","provider":"provider[\"registry.opentofu.org/hashicorp/aws\"]","instances":[{"index_key":0,"schema_version":0,"attributes":{"gateway_id":"","id":"rtbassoc-0210461e78d44316f","route_table_id":"rtb-01e1b7e5c6e2a547a","subnet_id":"subnet-06df979c414592132","timeouts":null},"sensitive_attributes":[],"private":"eyJlMmJmYjczMC1lY2FhLTExZTYtOGY4OC0zNDM2M2JjN2M0YzAiOnsiY3JlYXRlIjozMDAwMDAwMDAwMDAsImRlbGV0ZSI6MzAwMDAwMDAwMDAwLCJ1cGRhdGUiOjEyMDAwMDAwMDAwMH19","dependencies":["module.internet_gateway.aws_internet_gateway.igw","module.routes.aws_route_table.public","module.subnet.aws_subnet.public-us-east-1a","module.subnet.aws_subnet.public-us-east-1b","module.vpc.aws_vpc.lifedata-dev-infra"]},{"index_key":1,"schema_version":0,"attributes":{"gateway_id":"","id":"rtbassoc-06acfc192285e9617","route_table_id":"rtb-01e1b7e5c6e2a547a","subnet_id":"subnet-0a8bebbdb5351c37d","timeouts":null},"sensitive_attributes":[],"private":"eyJlMmJmYjczMC1lY2FhLTExZTYtOGY4OC0zNDM2M2JjN2M0YzAiOnsiY3JlYXRlIjozMDAwMDAwMDAwMDAsImRlbGV0ZSI6MzAwMDAwMDAwMDAwLCJ1cGRhdGUiOjEyMDAwMDAwMDAwMH19","dependencies":["module.internet_gateway.aws_internet_gateway.igw","module.routes.aws_route_table.public","module.subnet.aws_subnet.public-us-east-1a","module.subnet.aws_subnet.public-us-east-1b","module.vpc.aws_vpc.lifedata-dev-infra"]}]},{"module":"module.subnet","mode":"managed","type":"aws_subnet","name":"private-us-east-1a","provider":"provider[\"registry.opentofu.org/hashicorp/aws\"]","instances":[{"schema_version":1,"attributes":{"arn":"arn:aws:ec2:us-east-1:941128203839:subnet/subnet-02e6db73eb0249020","assign_ipv6_address_on_creation":false,"availability_zone":"us-east-1a","availability_zone_id":"use1-az4","cidr_block":"10.0.1.0/24","customer_owned_ipv4_pool":"","enable_dns64":false,"enable_lni_at_device_index":0,"enable_resource_name_dns_a_record_on_launch":false,"enable_resource_name_dns_aaaa_record_on_launch":false,"id":"subnet-02e6db73eb0249020","ipv6_cidr_block":"","ipv6_cidr_block_association_id":"","ipv6_native":false,"map_customer_owned_ip_on_launch":false,"map_public_ip_on_launch":false,"outpost_arn":"","owner_id":"941128203839","private_dns_hostname_type_on_launch":"ip-name","tags":{"Name":"Private Subnet 1","subnet":"private-us-east-1a"},"tags_all":{"Name":"Private Subnet 1","subnet":"private-us-east-1a"},"timeouts":null,"vpc_id":"vpc-0ffcc19fc700b792b"},"sensitive_attributes":[],"private":"eyJlMmJmYjczMC1lY2FhLTExZTYtOGY4OC0zNDM2M2JjN2M0YzAiOnsiY3JlYXRlIjo2MDAwMDAwMDAwMDAsImRlbGV0ZSI6MTIwMDAwMDAwMDAwMH0sInNjaGVtYV92ZXJzaW9uIjoiMSJ9","dependencies":["module.vpc.aws_vpc.lifedata-dev-infra"]}]},{"module":"module.subnet","mode":"managed","type":"aws_subnet","name":"private-us-east-1b","provider":"provider[\"registry.opentofu.org/hashicorp/aws\"]","instances":[{"schema_version":1,"attributes":{"arn":"arn:aws:ec2:us-east-1:941128203839:subnet/subnet-006849f1f5a676682","assign_ipv6_address_on_creation":false,"availability_zone":"us-east-1b","availability_zone_id":"use1-az6","cidr_block":"10.0.2.0/24","customer_owned_ipv4_pool":"","enable_dns64":false,"enable_lni_at_device_index":0,"enable_resource_name_dns_a_record_on_launch":false,"enable_resource_name_dns_aaaa_record_on_launch":false,"id":"subnet-006849f1f5a676682","ipv6_cidr_block":"","ipv6_cidr_block_association_id":"","ipv6_native":false,"map_customer_owned_ip_on_launch":false,"map_public_ip_on_launch":false,"outpost_arn":"","owner_id":"941128203839","private_dns_hostname_type_on_launch":"ip-name","tags":{"Name":"Private Subnet 2","subnet":"private-us-east-1b"},"tags_all":{"Name":"Private Subnet 2","subnet":"private-us-east-1b"},"timeouts":null,"vpc_id":"vpc-0ffcc19fc700b792b"},"sensitive_attributes":[],"private":"eyJlMmJmYjczMC1lY2FhLTExZTYtOGY4OC0zNDM2M2JjN2M0YzAiOnsiY3JlYXRlIjo2MDAwMDAwMDAwMDAsImRlbGV0ZSI6MTIwMDAwMDAwMDAwMH0sInNjaGVtYV92ZXJzaW9uIjoiMSJ9","dependencies":["module.vpc.aws_vpc.lifedata-dev-infra"]}]},{"module":"module.subnet","mode":"managed","type":"aws_subnet","name":"public-us-east-1a","provider":"provider[\"registry.opentofu.org/hashicorp/aws\"]","instances":[{"schema_version":1,"attributes":{"arn":"arn:aws:ec2:us-east-1:941128203839:subnet/subnet-06df979c414592132","assign_ipv6_address_on_creation":false,"availability_zone":"us-east-1a","availability_zone_id":"use1-az4","cidr_block":"10.0.3.0/24","customer_owned_ipv4_pool":"","enable_dns64":false,"enable_lni_at_device_index":0,"enable_resource_name_dns_a_record_on_launch":false,"enable_resource_name_dns_aaaa_record_on_launch":false,"id":"subnet-06df979c414592132","ipv6_cidr_block":"","ipv6_cidr_block_association_id":"","ipv6_native":false,"map_customer_owned_ip_on_launch":false,"map_public_ip_on_launch":true,"outpost_arn":"","owner_id":"941128203839","private_dns_hostname_type_on_launch":"ip-name","tags":{"Name":"Public Subnet 1","subnet":"public-us-east-1a"},"tags_all":{"Name":"Public Subnet 1","subnet":"public-us-east-1a"},"timeouts":null,"vpc_id":"vpc-0ffcc19fc700b792b"},"sensitive_attributes":[],"private":"eyJlMmJmYjczMC1lY2FhLTExZTYtOGY4OC0zNDM2M2JjN2M0YzAiOnsiY3JlYXRlIjo2MDAwMDAwMDAwMDAsImRlbGV0ZSI6MTIwMDAwMDAwMDAwMH0sInNjaGVtYV92ZXJzaW9uIjoiMSJ9","dependencies":["module.vpc.aws_vpc.lifedata-dev-infra"]}]},{"module":"module.subnet","mode":"managed","type":"aws_subnet","name":"public-us-east-1b","provider":"provider[\"registry.opentofu.org/hashicorp/aws\"]","instances":[{"schema_version":1,"attributes":{"arn":"arn:aws:ec2:us-east-1:941128203839:subnet/subnet-0a8bebbdb5351c37d","assign_ipv6_address_on_creation":false,"availability_zone":"us-east-1b","availability_zone_id":"use1-az6","cidr_block":"10.0.4.0/24","customer_owned_ipv4_pool":"","enable_dns64":false,"enable_lni_at_device_index":0,"enable_resource_name_dns_a_record_on_launch":false,"enable_resource_name_dns_aaaa_record_on_launch":false,"id":"subnet-0a8bebbdb5351c37d","ipv6_cidr_block":"","ipv6_cidr_block_association_id":"","ipv6_native":false,"map_customer_owned_ip_on_launch":false,"map_public_ip_on_launch":true,"outpost_arn":"","owner_id":"941128203839","private_dns_hostname_type_on_launch":"ip-name","tags":{"Name":"Public Subnet 2","subnet":"public-us-east-1b"},"tags_all":{"Name":"Public Subnet 2","subnet":"public-us-east-1b"},"timeouts":null,"vpc_id":"vpc-0ffcc19fc700b792b"},"sensitive_attributes":[],"private":"eyJlMmJmYjczMC1lY2FhLTExZTYtOGY4OC0zNDM2M2JjN2M0YzAiOnsiY3JlYXRlIjo2MDAwMDAwMDAwMDAsImRlbGV0ZSI6MTIwMDAwMDAwMDAwMH0sInNjaGVtYV92ZXJzaW9uIjoiMSJ9","dependencies":["module.vpc.aws_vpc.lifedata-dev-infra"]}]},{"module":"module.vpc","mode":"managed","type":"aws_vpc","name":"lifedata-dev-infra","provider":"provider[\"registry.opentofu.org/hashicorp/aws\"]","instances":[{"schema_version":1,"attributes":{"arn":"arn:aws:ec2:us-east-1:941128203839:vpc/vpc-0ffcc19fc700b792b","assign_generated_ipv6_cidr_block":false,"cidr_block":"10.0.0.0/16","default_network_acl_id":"acl-0d53125bf4a90f80f","default_route_table_id":"rtb-01c9b0efbcb1fb91b","default_security_group_id":"sg-062fa0f79d2d13fe0","dhcp_options_id":"dopt-0a9c2e0dca65b67b6","enable_dns_hostnames":true,"enable_dns_support":true,"enable_network_address_usage_metrics":false,"id":"vpc-0ffcc19fc700b792b","instance_tenancy":"default","ipv4_ipam_pool_id":null,"ipv4_netmask_length":null,"ipv6_association_id":"","ipv6_cidr_block":"","ipv6_cidr_block_network_border_group":"","ipv6_ipam_pool_id":"","ipv6_netmask_length":0,"main_route_table_id":"rtb-01c9b0efbcb1fb91b","owner_id":"941128203839","tags":{"Name":"lifedata-dev-infra-vpc","environment":"dev"},"tags_all":{"Name":"lifedata-dev-infra-vpc","environment":"dev"}},"sensitive_attributes":[],"private":"eyJzY2hlbWFfdmVyc2lvbiI6IjEifQ=="}]}],"check_results":null}
